
Microsoft Visual Studio Solution File, Format Version 12.00
# Visual Studio Version 16
VisualStudioVersion = 16.0.30523.141
MinimumVisualStudioVersion = 10.0.40219.1
Project("{FAE04EC0-301F-11D3-BF4B-00C04F79EFBC}") = "MyMath", "MyMath\MyMath.csproj", "{27F4C028-54F4-43C5-8E89-4ED34CC77703}"
EndProject
Project("{FAE04EC0-301F-11D3-BF4B-00C04F79EFBC}") = "MathTests", "MathTests\MathTests.csproj", "{69D439DA-E9AE-4873-9F9B-08E4EAC035A5}"
EndProject
Global
	GlobalSection(SolutionConfigurationPlatforms) = preSolution
		Debug|Any CPU = Debug|Any CPU
		Release|Any CPU = Release|Any CPU
	EndGlobalSection
	GlobalSection(ProjectConfigurationPlatforms) = postSolution
		{27F4C028-54F4-43C5-8E89-4ED34CC77703}.Debug|Any CPU.ActiveCfg = Debug|Any CPU
		{27F4C028-54F4-43C5-8E89-4ED34CC77703}.Debug|Any CPU.Build.0 = Debug|Any CPU
		{27F4C028-54F4-43C5-8E89-4ED34CC77703}.Release|Any CPU.ActiveCfg = Release|Any CPU
		{27F4C028-54F4-43C5-8E89-4ED34CC77703}.Release|Any CPU.Build.0 = Release|Any CPU
		{69D439DA-E9AE-4873-9F9B-08E4EAC035A5}.Debug|Any CPU.ActiveCfg = Debug|Any CPU
		{69D439DA-E9AE-4873-9F9B-08E4EAC035A5}.Debug|Any CPU.Build.0 = Debug|Any CPU
		{69D439DA-E9AE-4873-9F9B-08E4EAC035A5}.Release|Any CPU.ActiveCfg = Release|Any CPU
		{69D439DA-E9AE-4873-9F9B-08E4EAC035A5}.Release|Any CPU.Build.0 = Release|Any CPU
	EndGlobalSection
	GlobalSection(SolutionProperties) = preSolution
		HideSolutionNode = FALSE
	EndGlobalSection
	GlobalSection(ExtensibilityGlobals) = postSolution
		SolutionGuid = {1D40FF33-A2B2-43B6-BCA9-4719278A0EA3}
	EndGlobalSection
EndGlobal
