
Microsoft Visual Studio Solution File, Format Version 12.00
# Visual Studio Version 16
VisualStudioVersion = 16.0.30413.136
MinimumVisualStudioVersion = 10.0.40219.1
Project("{FAE04EC0-301F-11D3-BF4B-00C04F79EFBC}") = "OOP01Classes", "OOP01Classes\OOP01Classes.csproj", "{E6DA3E98-4B76-47CB-931A-72A0161FF7E1}"
EndProject
Global
	GlobalSection(SolutionConfigurationPlatforms) = preSolution
		Debug|Any CPU = Debug|Any CPU
		Release|Any CPU = Release|Any CPU
	EndGlobalSection
	GlobalSection(ProjectConfigurationPlatforms) = postSolution
		{E6DA3E98-4B76-47CB-931A-72A0161FF7E1}.Debug|Any CPU.ActiveCfg = Debug|Any CPU
		{E6DA3E98-4B76-47CB-931A-72A0161FF7E1}.Debug|Any CPU.Build.0 = Debug|Any CPU
		{E6DA3E98-4B76-47CB-931A-72A0161FF7E1}.Release|Any CPU.ActiveCfg = Release|Any CPU
		{E6DA3E98-4B76-47CB-931A-72A0161FF7E1}.Release|Any CPU.Build.0 = Release|Any CPU
	EndGlobalSection
	GlobalSection(SolutionProperties) = preSolution
		HideSolutionNode = FALSE
	EndGlobalSection
	GlobalSection(ExtensibilityGlobals) = postSolution
		SolutionGuid = {31FAE432-52B9-4960-B87C-CB303C41F277}
	EndGlobalSection
EndGlobal
