
Microsoft Visual Studio Solution File, Format Version 12.00
# Visual Studio Version 16
VisualStudioVersion = 16.0.30523.141
MinimumVisualStudioVersion = 10.0.40219.1
Project("{FAE04EC0-301F-11D3-BF4B-00C04F79EFBC}") = "Bank", "Bank\Bank.csproj", "{DC39E663-BCDD-4619-A687-95B8A9BFF2F9}"
EndProject
Project("{FAE04EC0-301F-11D3-BF4B-00C04F79EFBC}") = "Bank.UnitTests", "Bank.UnitTests\Bank.UnitTests.csproj", "{0E1FB362-64C5-432F-8802-E67ADE063BE5}"
EndProject
Global
	GlobalSection(SolutionConfigurationPlatforms) = preSolution
		Debug|Any CPU = Debug|Any CPU
		Release|Any CPU = Release|Any CPU
	EndGlobalSection
	GlobalSection(ProjectConfigurationPlatforms) = postSolution
		{DC39E663-BCDD-4619-A687-95B8A9BFF2F9}.Debug|Any CPU.ActiveCfg = Debug|Any CPU
		{DC39E663-BCDD-4619-A687-95B8A9BFF2F9}.Debug|Any CPU.Build.0 = Debug|Any CPU
		{DC39E663-BCDD-4619-A687-95B8A9BFF2F9}.Release|Any CPU.ActiveCfg = Release|Any CPU
		{DC39E663-BCDD-4619-A687-95B8A9BFF2F9}.Release|Any CPU.Build.0 = Release|Any CPU
		{0E1FB362-64C5-432F-8802-E67ADE063BE5}.Debug|Any CPU.ActiveCfg = Debug|Any CPU
		{0E1FB362-64C5-432F-8802-E67ADE063BE5}.Debug|Any CPU.Build.0 = Debug|Any CPU
		{0E1FB362-64C5-432F-8802-E67ADE063BE5}.Release|Any CPU.ActiveCfg = Release|Any CPU
		{0E1FB362-64C5-432F-8802-E67ADE063BE5}.Release|Any CPU.Build.0 = Release|Any CPU
	EndGlobalSection
	GlobalSection(SolutionProperties) = preSolution
		HideSolutionNode = FALSE
	EndGlobalSection
	GlobalSection(ExtensibilityGlobals) = postSolution
		SolutionGuid = {F5807FCF-58E9-4BAD-AE27-D459B0D626AA}
	EndGlobalSection
EndGlobal
