
Microsoft Visual Studio Solution File, Format Version 12.00
# Visual Studio Version 16
VisualStudioVersion = 16.0.30523.141
MinimumVisualStudioVersion = 10.0.40219.1
Project("{9A19103F-16F7-4668-BE54-9A1E7A4F7556}") = "LineSystemExamExercise", "LineSystemExamExercise\LineSystemExamExercise.csproj", "{A39D7FCA-4257-49E4-954F-0049C161888E}"
EndProject
Project("{FAE04EC0-301F-11D3-BF4B-00C04F79EFBC}") = "Core.UnitTests", "Core.UnitTests\Core.UnitTests.csproj", "{847E2B97-41C4-4D3D-B7C1-D97DB916DC75}"
EndProject
Global
	GlobalSection(SolutionConfigurationPlatforms) = preSolution
		Debug|Any CPU = Debug|Any CPU
		Release|Any CPU = Release|Any CPU
	EndGlobalSection
	GlobalSection(ProjectConfigurationPlatforms) = postSolution
		{A39D7FCA-4257-49E4-954F-0049C161888E}.Debug|Any CPU.ActiveCfg = Debug|Any CPU
		{A39D7FCA-4257-49E4-954F-0049C161888E}.Debug|Any CPU.Build.0 = Debug|Any CPU
		{A39D7FCA-4257-49E4-954F-0049C161888E}.Release|Any CPU.ActiveCfg = Release|Any CPU
		{A39D7FCA-4257-49E4-954F-0049C161888E}.Release|Any CPU.Build.0 = Release|Any CPU
		{847E2B97-41C4-4D3D-B7C1-D97DB916DC75}.Debug|Any CPU.ActiveCfg = Debug|Any CPU
		{847E2B97-41C4-4D3D-B7C1-D97DB916DC75}.Debug|Any CPU.Build.0 = Debug|Any CPU
		{847E2B97-41C4-4D3D-B7C1-D97DB916DC75}.Release|Any CPU.ActiveCfg = Release|Any CPU
		{847E2B97-41C4-4D3D-B7C1-D97DB916DC75}.Release|Any CPU.Build.0 = Release|Any CPU
	EndGlobalSection
	GlobalSection(SolutionProperties) = preSolution
		HideSolutionNode = FALSE
	EndGlobalSection
	GlobalSection(ExtensibilityGlobals) = postSolution
		SolutionGuid = {241ADDB7-D86A-4236-AF02-EC7D76C70F66}
	EndGlobalSection
EndGlobal
