
Microsoft Visual Studio Solution File, Format Version 12.00
# Visual Studio Version 16
VisualStudioVersion = 16.0.30523.141
MinimumVisualStudioVersion = 10.0.40219.1
Project("{FAE04EC0-301F-11D3-BF4B-00C04F79EFBC}") = "OOP009Collections", "OOP009Collections\OOP009Collections.csproj", "{500382B4-1B84-4577-BAC2-4CCC71780E1E}"
EndProject
Global
	GlobalSection(SolutionConfigurationPlatforms) = preSolution
		Debug|Any CPU = Debug|Any CPU
		Release|Any CPU = Release|Any CPU
	EndGlobalSection
	GlobalSection(ProjectConfigurationPlatforms) = postSolution
		{500382B4-1B84-4577-BAC2-4CCC71780E1E}.Debug|Any CPU.ActiveCfg = Debug|Any CPU
		{500382B4-1B84-4577-BAC2-4CCC71780E1E}.Debug|Any CPU.Build.0 = Debug|Any CPU
		{500382B4-1B84-4577-BAC2-4CCC71780E1E}.Release|Any CPU.ActiveCfg = Release|Any CPU
		{500382B4-1B84-4577-BAC2-4CCC71780E1E}.Release|Any CPU.Build.0 = Release|Any CPU
	EndGlobalSection
	GlobalSection(SolutionProperties) = preSolution
		HideSolutionNode = FALSE
	EndGlobalSection
	GlobalSection(ExtensibilityGlobals) = postSolution
		SolutionGuid = {F8B7070D-99C6-4961-9AEB-C14FC4CF7BE3}
	EndGlobalSection
EndGlobal
