
Microsoft Visual Studio Solution File, Format Version 12.00
# Visual Studio Version 16
VisualStudioVersion = 16.0.30503.244
MinimumVisualStudioVersion = 10.0.40219.1
Project("{9A19103F-16F7-4668-BE54-9A1E7A4F7556}") = "OOP003interfaces", "OOP003interfaces\OOP003interfaces.csproj", "{027168A0-12E4-4A75-9197-62B8AA0172FA}"
EndProject
Project("{FAE04EC0-301F-11D3-BF4B-00C04F79EFBC}") = "UnitTests", "UnitTests\UnitTests.csproj", "{12DFB041-14C1-4106-B673-92C1F88563DD}"
EndProject
Global
	GlobalSection(SolutionConfigurationPlatforms) = preSolution
		Debug|Any CPU = Debug|Any CPU
		Release|Any CPU = Release|Any CPU
	EndGlobalSection
	GlobalSection(ProjectConfigurationPlatforms) = postSolution
		{027168A0-12E4-4A75-9197-62B8AA0172FA}.Debug|Any CPU.ActiveCfg = Debug|Any CPU
		{027168A0-12E4-4A75-9197-62B8AA0172FA}.Debug|Any CPU.Build.0 = Debug|Any CPU
		{027168A0-12E4-4A75-9197-62B8AA0172FA}.Release|Any CPU.ActiveCfg = Release|Any CPU
		{027168A0-12E4-4A75-9197-62B8AA0172FA}.Release|Any CPU.Build.0 = Release|Any CPU
		{12DFB041-14C1-4106-B673-92C1F88563DD}.Debug|Any CPU.ActiveCfg = Debug|Any CPU
		{12DFB041-14C1-4106-B673-92C1F88563DD}.Debug|Any CPU.Build.0 = Debug|Any CPU
		{12DFB041-14C1-4106-B673-92C1F88563DD}.Release|Any CPU.ActiveCfg = Release|Any CPU
		{12DFB041-14C1-4106-B673-92C1F88563DD}.Release|Any CPU.Build.0 = Release|Any CPU
	EndGlobalSection
	GlobalSection(SolutionProperties) = preSolution
		HideSolutionNode = FALSE
	EndGlobalSection
	GlobalSection(ExtensibilityGlobals) = postSolution
		SolutionGuid = {099D3606-01CC-4054-A02B-94B3BDB547DD}
	EndGlobalSection
EndGlobal
