
Microsoft Visual Studio Solution File, Format Version 12.00
# Visual Studio Version 16
VisualStudioVersion = 16.0.30523.141
MinimumVisualStudioVersion = 10.0.40219.1
Project("{FAE04EC0-301F-11D3-BF4B-00C04F79EFBC}") = "MVVMWPCaliburnMicroV2", "MVVMWPCaliburnMicroV2\MVVMWPCaliburnMicroV2.csproj", "{CA3C31EF-2804-44AC-BFA9-0109390AC44F}"
EndProject
Global
	GlobalSection(SolutionConfigurationPlatforms) = preSolution
		Debug|Any CPU = Debug|Any CPU
		Release|Any CPU = Release|Any CPU
	EndGlobalSection
	GlobalSection(ProjectConfigurationPlatforms) = postSolution
		{CA3C31EF-2804-44AC-BFA9-0109390AC44F}.Debug|Any CPU.ActiveCfg = Debug|Any CPU
		{CA3C31EF-2804-44AC-BFA9-0109390AC44F}.Debug|Any CPU.Build.0 = Debug|Any CPU
		{CA3C31EF-2804-44AC-BFA9-0109390AC44F}.Release|Any CPU.ActiveCfg = Release|Any CPU
		{CA3C31EF-2804-44AC-BFA9-0109390AC44F}.Release|Any CPU.Build.0 = Release|Any CPU
	EndGlobalSection
	GlobalSection(SolutionProperties) = preSolution
		HideSolutionNode = FALSE
	EndGlobalSection
	GlobalSection(ExtensibilityGlobals) = postSolution
		SolutionGuid = {D0E232F1-57F4-4872-8819-A7670F75481E}
	EndGlobalSection
EndGlobal
