
Microsoft Visual Studio Solution File, Format Version 12.00
# Visual Studio Version 16
VisualStudioVersion = 16.0.30523.141
MinimumVisualStudioVersion = 10.0.40219.1
Project("{9A19103F-16F7-4668-BE54-9A1E7A4F7556}") = "OOP005Generics", "OOP005Generics\OOP005Generics.csproj", "{ED5EC831-0C0B-45F8-A423-A967B5F88DEC}"
EndProject
Global
	GlobalSection(SolutionConfigurationPlatforms) = preSolution
		Debug|Any CPU = Debug|Any CPU
		Release|Any CPU = Release|Any CPU
	EndGlobalSection
	GlobalSection(ProjectConfigurationPlatforms) = postSolution
		{ED5EC831-0C0B-45F8-A423-A967B5F88DEC}.Debug|Any CPU.ActiveCfg = Debug|Any CPU
		{ED5EC831-0C0B-45F8-A423-A967B5F88DEC}.Debug|Any CPU.Build.0 = Debug|Any CPU
		{ED5EC831-0C0B-45F8-A423-A967B5F88DEC}.Release|Any CPU.ActiveCfg = Release|Any CPU
		{ED5EC831-0C0B-45F8-A423-A967B5F88DEC}.Release|Any CPU.Build.0 = Release|Any CPU
	EndGlobalSection
	GlobalSection(SolutionProperties) = preSolution
		HideSolutionNode = FALSE
	EndGlobalSection
	GlobalSection(ExtensibilityGlobals) = postSolution
		SolutionGuid = {A1A0A554-E0D2-4E03-827C-AA5610A7D2A1}
	EndGlobalSection
EndGlobal
